
Microsoft Visual Studio Solution File, Format Version 12.00
# Visual Studio Version 17
VisualStudioVersion = 17.10.34916.146
MinimumVisualStudioVersion = 10.0.40219.1
Project("{FAE04EC0-301F-11D3-BF4B-00C04F79EFBC}") = "Fatou", "Fatou\Fatou.csproj", "{B7CAC18A-D6D3-4D2D-AA38-03DEA07F9DBD}"
EndProject
Global
	GlobalSection(SolutionConfigurationPlatforms) = preSolution
		Debug|Any CPU = Debug|Any CPU
		Release|Any CPU = Release|Any CPU
	EndGlobalSection
	GlobalSection(ProjectConfigurationPlatforms) = postSolution
		{B7CAC18A-D6D3-4D2D-AA38-03DEA07F9DBD}.Debug|Any CPU.ActiveCfg = Debug|Any CPU
		{B7CAC18A-D6D3-4D2D-AA38-03DEA07F9DBD}.Debug|Any CPU.Build.0 = Debug|Any CPU
		{B7CAC18A-D6D3-4D2D-AA38-03DEA07F9DBD}.Release|Any CPU.ActiveCfg = Release|Any CPU
		{B7CAC18A-D6D3-4D2D-AA38-03DEA07F9DBD}.Release|Any CPU.Build.0 = Release|Any CPU
	EndGlobalSection
	GlobalSection(SolutionProperties) = preSolution
		HideSolutionNode = FALSE
	EndGlobalSection
	GlobalSection(ExtensibilityGlobals) = postSolution
		SolutionGuid = {6914B5F0-448F-4AC2-A10D-E889324B65B8}
	EndGlobalSection
EndGlobal
